
Microsoft Visual Studio Solution File, Format Version 12.00
# Visual Studio Version 17
VisualStudioVersion = 17.3.32929.385
MinimumVisualStudioVersion = 10.0.40219.1
Project("{FAE04EC0-301F-11D3-BF4B-00C04F79EFBC}") = "AppMinhasCompras.Android", "AppMinhasCompras\AppMinhasCompras.Android\AppMinhasCompras.Android.csproj", "{01378471-ACBF-43C5-8242-B02181CED0DB}"
EndProject
Project("{FAE04EC0-301F-11D3-BF4B-00C04F79EFBC}") = "AppMinhasCompras", "AppMinhasCompras\AppMinhasCompras\AppMinhasCompras.csproj", "{AA21FC92-2625-4D20-8AEE-C7BBA04BE925}"
EndProject
Global
	GlobalSection(SolutionConfigurationPlatforms) = preSolution
		Debug|Any CPU = Debug|Any CPU
		Release|Any CPU = Release|Any CPU
	EndGlobalSection
	GlobalSection(ProjectConfigurationPlatforms) = postSolution
		{01378471-ACBF-43C5-8242-B02181CED0DB}.Debug|Any CPU.ActiveCfg = Debug|Any CPU
		{01378471-ACBF-43C5-8242-B02181CED0DB}.Debug|Any CPU.Build.0 = Debug|Any CPU
		{01378471-ACBF-43C5-8242-B02181CED0DB}.Debug|Any CPU.Deploy.0 = Debug|Any CPU
		{01378471-ACBF-43C5-8242-B02181CED0DB}.Release|Any CPU.ActiveCfg = Release|Any CPU
		{01378471-ACBF-43C5-8242-B02181CED0DB}.Release|Any CPU.Build.0 = Release|Any CPU
		{01378471-ACBF-43C5-8242-B02181CED0DB}.Release|Any CPU.Deploy.0 = Release|Any CPU
		{AA21FC92-2625-4D20-8AEE-C7BBA04BE925}.Debug|Any CPU.ActiveCfg = Debug|Any CPU
		{AA21FC92-2625-4D20-8AEE-C7BBA04BE925}.Debug|Any CPU.Build.0 = Debug|Any CPU
		{AA21FC92-2625-4D20-8AEE-C7BBA04BE925}.Debug|Any CPU.Deploy.0 = Debug|Any CPU
		{AA21FC92-2625-4D20-8AEE-C7BBA04BE925}.Release|Any CPU.ActiveCfg = Release|Any CPU
		{AA21FC92-2625-4D20-8AEE-C7BBA04BE925}.Release|Any CPU.Build.0 = Release|Any CPU
		{AA21FC92-2625-4D20-8AEE-C7BBA04BE925}.Release|Any CPU.Deploy.0 = Release|Any CPU
	EndGlobalSection
	GlobalSection(SolutionProperties) = preSolution
		HideSolutionNode = FALSE
	EndGlobalSection
	GlobalSection(ExtensibilityGlobals) = postSolution
		SolutionGuid = {8309287B-7A71-46BF-8AC5-C4ECEE268B0D}
	EndGlobalSection
EndGlobal
